
Microsoft Visual Studio Solution File, Format Version 12.00
# Visual Studio Version 17
VisualStudioVersion = 17.5.002.0
MinimumVisualStudioVersion = 10.0.40219.1
Project("{9A19103F-16F7-4668-BE54-9A1E7A4F7556}") = "GamesStore.Api", "GamesStore.Api\GamesStore.Api.csproj", "{EF034361-7DC3-43A1-88D9-3CA92679967E}"
EndProject
Global
	GlobalSection(SolutionConfigurationPlatforms) = preSolution
		Debug|Any CPU = Debug|Any CPU
		Release|Any CPU = Release|Any CPU
	EndGlobalSection
	GlobalSection(ProjectConfigurationPlatforms) = postSolution
		{EF034361-7DC3-43A1-88D9-3CA92679967E}.Debug|Any CPU.ActiveCfg = Debug|Any CPU
		{EF034361-7DC3-43A1-88D9-3CA92679967E}.Debug|Any CPU.Build.0 = Debug|Any CPU
		{EF034361-7DC3-43A1-88D9-3CA92679967E}.Release|Any CPU.ActiveCfg = Release|Any CPU
		{EF034361-7DC3-43A1-88D9-3CA92679967E}.Release|Any CPU.Build.0 = Release|Any CPU
	EndGlobalSection
	GlobalSection(SolutionProperties) = preSolution
		HideSolutionNode = FALSE
	EndGlobalSection
	GlobalSection(ExtensibilityGlobals) = postSolution
		SolutionGuid = {A07047DA-38A2-493C-9DA8-10EFB78692F1}
	EndGlobalSection
EndGlobal
